
Microsoft Visual Studio Solution File, Format Version 12.00
# Visual Studio Version 16
VisualStudioVersion = 16.0.30225.117
MinimumVisualStudioVersion = 10.0.40219.1
Project("{FAE04EC0-301F-11D3-BF4B-00C04F79EFBC}") = "App_3_2_AplicationEvents", "App_3_2_AplicationEvents\App_3_2_AplicationEvents.csproj", "{AD0431C0-024B-47F3-9643-B7A8F49515FE}"
EndProject
Global
	GlobalSection(SolutionConfigurationPlatforms) = preSolution
		Debug|Any CPU = Debug|Any CPU
		Release|Any CPU = Release|Any CPU
	EndGlobalSection
	GlobalSection(ProjectConfigurationPlatforms) = postSolution
		{AD0431C0-024B-47F3-9643-B7A8F49515FE}.Debug|Any CPU.ActiveCfg = Debug|Any CPU
		{AD0431C0-024B-47F3-9643-B7A8F49515FE}.Debug|Any CPU.Build.0 = Debug|Any CPU
		{AD0431C0-024B-47F3-9643-B7A8F49515FE}.Release|Any CPU.ActiveCfg = Release|Any CPU
		{AD0431C0-024B-47F3-9643-B7A8F49515FE}.Release|Any CPU.Build.0 = Release|Any CPU
	EndGlobalSection
	GlobalSection(SolutionProperties) = preSolution
		HideSolutionNode = FALSE
	EndGlobalSection
	GlobalSection(ExtensibilityGlobals) = postSolution
		SolutionGuid = {DEC9BA52-0188-4FC1-B799-79E375F16AD5}
	EndGlobalSection
EndGlobal
