
Microsoft Visual Studio Solution File, Format Version 12.00
# Visual Studio Version 16
VisualStudioVersion = 16.0.29613.14
MinimumVisualStudioVersion = 10.0.40219.1
Project("{FAE04EC0-301F-11D3-BF4B-00C04F79EFBC}") = "App3", "App3\App3.csproj", "{B7EF224B-4E32-4A34-9FB4-D589B31E5B68}"
EndProject
Global
	GlobalSection(SolutionConfigurationPlatforms) = preSolution
		Debug|Any CPU = Debug|Any CPU
		Release|Any CPU = Release|Any CPU
	EndGlobalSection
	GlobalSection(ProjectConfigurationPlatforms) = postSolution
		{B7EF224B-4E32-4A34-9FB4-D589B31E5B68}.Debug|Any CPU.ActiveCfg = Debug|Any CPU
		{B7EF224B-4E32-4A34-9FB4-D589B31E5B68}.Debug|Any CPU.Build.0 = Debug|Any CPU
		{B7EF224B-4E32-4A34-9FB4-D589B31E5B68}.Release|Any CPU.ActiveCfg = Release|Any CPU
		{B7EF224B-4E32-4A34-9FB4-D589B31E5B68}.Release|Any CPU.Build.0 = Release|Any CPU
	EndGlobalSection
	GlobalSection(SolutionProperties) = preSolution
		HideSolutionNode = FALSE
	EndGlobalSection
	GlobalSection(ExtensibilityGlobals) = postSolution
		SolutionGuid = {17907A90-F822-46CC-8828-3A01AF4783C1}
	EndGlobalSection
EndGlobal
